<?xml version="1.0" encoding="utf-8"?>
<Project ToolsVersion="4.0" xmlns="http://schemas.microsoft.com/developer/msbuild/2003">
  <ItemGroup>
    <Filter Include="src">
      <UniqueIdentifier>{7BD2D6AA-C419-6F4E-8E39-3014DDF940B5}</UniqueIdentifier>
    </Filter>
    <Filter Include="src\clew">
      <UniqueIdentifier>{A36479C4-9B64-8E4F-9E27-6F89C25BEBE5}</UniqueIdentifier>
    </Filter>
    <Filter Include="src\Bullet3OpenCL">
      <UniqueIdentifier>{59102EF9-DA82-AF45-885F-23F9C3ACACDC}</UniqueIdentifier>
    </Filter>
    <Filter Include="src\Bullet3OpenCL\BroadphaseCollision">
      <UniqueIdentifier>{009BDBD7-33E8-0745-AD01-2D8386CBDF9A}</UniqueIdentifier>
    </Filter>
    <Filter Include="src\Bullet3OpenCL\Initialize">
      <UniqueIdentifier>{BB60CBBB-6F0A-EC4F-A591-D0D0C1CCCB0B}</UniqueIdentifier>
    </Filter>
    <Filter Include="src\Bullet3OpenCL\NarrowphaseCollision">
      <UniqueIdentifier>{D2476657-5BF4-E840-8118-18121BBEA219}</UniqueIdentifier>
    </Filter>
    <Filter Include="src\Bullet3OpenCL\ParallelPrimitives">
      <UniqueIdentifier>{2BD9F295-A191-D249-BE9E-0560318F0D5B}</UniqueIdentifier>
    </Filter>
    <Filter Include="src\Bullet3OpenCL\Raycast">
      <UniqueIdentifier>{46A2D0CC-21A9-064C-8615-C63729687AAA}</UniqueIdentifier>
    </Filter>
    <Filter Include="src\Bullet3OpenCL\RigidBody">
      <UniqueIdentifier>{C2219C6D-1A0B-384B-BA93-E12998187E4F}</UniqueIdentifier>
    </Filter>
    <Filter Include="src\Bullet3OpenCL\BroadphaseCollision\kernels">
      <UniqueIdentifier>{4150DA9F-333C-824E-8EC6-1854789012B2}</UniqueIdentifier>
    </Filter>
    <Filter Include="src\Bullet3OpenCL\NarrowphaseCollision\kernels">
      <UniqueIdentifier>{36AE2399-FD9D-C348-930C-7FCDA446DE70}</UniqueIdentifier>
    </Filter>
    <Filter Include="src\Bullet3OpenCL\ParallelPrimitives\kernels">
      <UniqueIdentifier>{E942C3D5-46B2-DA4D-B611-B2FD090C7F77}</UniqueIdentifier>
    </Filter>
    <Filter Include="src\Bullet3OpenCL\Raycast\kernels">
      <UniqueIdentifier>{317FE715-C8F8-EB49-B4EA-4AC08A3604C4}</UniqueIdentifier>
    </Filter>
    <Filter Include="src\Bullet3OpenCL\RigidBody\kernels">
      <UniqueIdentifier>{C87A750F-3CA0-2F4C-96A4-6A0AFB84C4A6}</UniqueIdentifier>
    </Filter>
  </ItemGroup>
  <ItemGroup>
    <ClInclude Include="..\..\src\clew\clew.h">
      <Filter>src\clew</Filter>
    </ClInclude>
    <ClInclude Include="..\..\src\Bullet3OpenCL\BroadphaseCollision\b3GpuBroadphaseInterface.h">
      <Filter>src\Bullet3OpenCL\BroadphaseCollision</Filter>
    </ClInclude>
    <ClInclude Include="..\..\src\Bullet3OpenCL\BroadphaseCollision\b3GpuGridBroadphase.h">
      <Filter>src\Bullet3OpenCL\BroadphaseCollision</Filter>
    </ClInclude>
    <ClInclude Include="..\..\src\Bullet3OpenCL\BroadphaseCollision\b3GpuParallelLinearBvh.h">
      <Filter>src\Bullet3OpenCL\BroadphaseCollision</Filter>
    </ClInclude>
    <ClInclude Include="..\..\src\Bullet3OpenCL\BroadphaseCollision\b3GpuParallelLinearBvhBroadphase.h">
      <Filter>src\Bullet3OpenCL\BroadphaseCollision</Filter>
    </ClInclude>
    <ClInclude Include="..\..\src\Bullet3OpenCL\BroadphaseCollision\b3GpuSapBroadphase.h">
      <Filter>src\Bullet3OpenCL\BroadphaseCollision</Filter>
    </ClInclude>
    <ClInclude Include="..\..\src\Bullet3OpenCL\BroadphaseCollision\b3SapAabb.h">
      <Filter>src\Bullet3OpenCL\BroadphaseCollision</Filter>
    </ClInclude>
    <ClInclude Include="..\..\src\Bullet3OpenCL\BroadphaseCollision\kernels\gridBroadphaseKernels.h">
      <Filter>src\Bullet3OpenCL\BroadphaseCollision\kernels</Filter>
    </ClInclude>
    <ClInclude Include="..\..\src\Bullet3OpenCL\BroadphaseCollision\kernels\parallelLinearBvhKernels.h">
      <Filter>src\Bullet3OpenCL\BroadphaseCollision\kernels</Filter>
    </ClInclude>
    <ClInclude Include="..\..\src\Bullet3OpenCL\BroadphaseCollision\kernels\sapKernels.h">
      <Filter>src\Bullet3OpenCL\BroadphaseCollision\kernels</Filter>
    </ClInclude>
    <ClInclude Include="..\..\src\Bullet3OpenCL\Initialize\b3OpenCLInclude.h">
      <Filter>src\Bullet3OpenCL\Initialize</Filter>
    </ClInclude>
    <ClInclude Include="..\..\src\Bullet3OpenCL\Initialize\b3OpenCLUtils.h">
      <Filter>src\Bullet3OpenCL\Initialize</Filter>
    </ClInclude>
    <ClInclude Include="..\..\src\Bullet3OpenCL\NarrowphaseCollision\b3BvhInfo.h">
      <Filter>src\Bullet3OpenCL\NarrowphaseCollision</Filter>
    </ClInclude>
    <ClInclude Include="..\..\src\Bullet3OpenCL\NarrowphaseCollision\b3ContactCache.h">
      <Filter>src\Bullet3OpenCL\NarrowphaseCollision</Filter>
    </ClInclude>
    <ClInclude Include="..\..\src\Bullet3OpenCL\NarrowphaseCollision\b3ConvexHullContact.h">
      <Filter>src\Bullet3OpenCL\NarrowphaseCollision</Filter>
    </ClInclude>
    <ClInclude Include="..\..\src\Bullet3OpenCL\NarrowphaseCollision\b3ConvexPolyhedronCL.h">
      <Filter>src\Bullet3OpenCL\NarrowphaseCollision</Filter>
    </ClInclude>
    <ClInclude Include="..\..\src\Bullet3OpenCL\NarrowphaseCollision\b3GjkEpa.h">
      <Filter>src\Bullet3OpenCL\NarrowphaseCollision</Filter>
    </ClInclude>
    <ClInclude Include="..\..\src\Bullet3OpenCL\NarrowphaseCollision\b3GjkPairDetector.h">
      <Filter>src\Bullet3OpenCL\NarrowphaseCollision</Filter>
    </ClInclude>
    <ClInclude Include="..\..\src\Bullet3OpenCL\NarrowphaseCollision\b3OptimizedBvh.h">
      <Filter>src\Bullet3OpenCL\NarrowphaseCollision</Filter>
    </ClInclude>
    <ClInclude Include="..\..\src\Bullet3OpenCL\NarrowphaseCollision\b3QuantizedBvh.h">
      <Filter>src\Bullet3OpenCL\NarrowphaseCollision</Filter>
    </ClInclude>
    <ClInclude Include="..\..\src\Bullet3OpenCL\NarrowphaseCollision\b3StridingMeshInterface.h">
      <Filter>src\Bullet3OpenCL\NarrowphaseCollision</Filter>
    </ClInclude>
    <ClInclude Include="..\..\src\Bullet3OpenCL\NarrowphaseCollision\b3SupportMappings.h">
      <Filter>src\Bullet3OpenCL\NarrowphaseCollision</Filter>
    </ClInclude>
    <ClInclude Include="..\..\src\Bullet3OpenCL\NarrowphaseCollision\b3TriangleCallback.h">
      <Filter>src\Bullet3OpenCL\NarrowphaseCollision</Filter>
    </ClInclude>
    <ClInclude Include="..\..\src\Bullet3OpenCL\NarrowphaseCollision\b3TriangleIndexVertexArray.h">
      <Filter>src\Bullet3OpenCL\NarrowphaseCollision</Filter>
    </ClInclude>
    <ClInclude Include="..\..\src\Bullet3OpenCL\NarrowphaseCollision\b3VectorFloat4.h">
      <Filter>src\Bullet3OpenCL\NarrowphaseCollision</Filter>
    </ClInclude>
    <ClInclude Include="..\..\src\Bullet3OpenCL\NarrowphaseCollision\b3VoronoiSimplexSolver.h">
      <Filter>src\Bullet3OpenCL\NarrowphaseCollision</Filter>
    </ClInclude>
    <ClInclude Include="..\..\src\Bullet3OpenCL\NarrowphaseCollision\kernels\bvhTraversal.h">
      <Filter>src\Bullet3OpenCL\NarrowphaseCollision\kernels</Filter>
    </ClInclude>
    <ClInclude Include="..\..\src\Bullet3OpenCL\NarrowphaseCollision\kernels\mprKernels.h">
      <Filter>src\Bullet3OpenCL\NarrowphaseCollision\kernels</Filter>
    </ClInclude>
    <ClInclude Include="..\..\src\Bullet3OpenCL\NarrowphaseCollision\kernels\primitiveContacts.h">
      <Filter>src\Bullet3OpenCL\NarrowphaseCollision\kernels</Filter>
    </ClInclude>
    <ClInclude Include="..\..\src\Bullet3OpenCL\NarrowphaseCollision\kernels\satClipHullContacts.h">
      <Filter>src\Bullet3OpenCL\NarrowphaseCollision\kernels</Filter>
    </ClInclude>
    <ClInclude Include="..\..\src\Bullet3OpenCL\NarrowphaseCollision\kernels\satConcaveKernels.h">
      <Filter>src\Bullet3OpenCL\NarrowphaseCollision\kernels</Filter>
    </ClInclude>
    <ClInclude Include="..\..\src\Bullet3OpenCL\NarrowphaseCollision\kernels\satKernels.h">
      <Filter>src\Bullet3OpenCL\NarrowphaseCollision\kernels</Filter>
    </ClInclude>
    <ClInclude Include="..\..\src\Bullet3OpenCL\ParallelPrimitives\b3BoundSearchCL.h">
      <Filter>src\Bullet3OpenCL\ParallelPrimitives</Filter>
    </ClInclude>
    <ClInclude Include="..\..\src\Bullet3OpenCL\ParallelPrimitives\b3BufferInfoCL.h">
      <Filter>src\Bullet3OpenCL\ParallelPrimitives</Filter>
    </ClInclude>
    <ClInclude Include="..\..\src\Bullet3OpenCL\ParallelPrimitives\b3FillCL.h">
      <Filter>src\Bullet3OpenCL\ParallelPrimitives</Filter>
    </ClInclude>
    <ClInclude Include="..\..\src\Bullet3OpenCL\ParallelPrimitives\b3LauncherCL.h">
      <Filter>src\Bullet3OpenCL\ParallelPrimitives</Filter>
    </ClInclude>
    <ClInclude Include="..\..\src\Bullet3OpenCL\ParallelPrimitives\b3OpenCLArray.h">
      <Filter>src\Bullet3OpenCL\ParallelPrimitives</Filter>
    </ClInclude>
    <ClInclude Include="..\..\src\Bullet3OpenCL\ParallelPrimitives\b3PrefixScanCL.h">
      <Filter>src\Bullet3OpenCL\ParallelPrimitives</Filter>
    </ClInclude>
    <ClInclude Include="..\..\src\Bullet3OpenCL\ParallelPrimitives\b3PrefixScanFloat4CL.h">
      <Filter>src\Bullet3OpenCL\ParallelPrimitives</Filter>
    </ClInclude>
    <ClInclude Include="..\..\src\Bullet3OpenCL\ParallelPrimitives\b3RadixSort32CL.h">
      <Filter>src\Bullet3OpenCL\ParallelPrimitives</Filter>
    </ClInclude>
    <ClInclude Include="..\..\src\Bullet3OpenCL\ParallelPrimitives\kernels\BoundSearchKernelsCL.h">
      <Filter>src\Bullet3OpenCL\ParallelPrimitives\kernels</Filter>
    </ClInclude>
    <ClInclude Include="..\..\src\Bullet3OpenCL\ParallelPrimitives\kernels\CopyKernelsCL.h">
      <Filter>src\Bullet3OpenCL\ParallelPrimitives\kernels</Filter>
    </ClInclude>
    <ClInclude Include="..\..\src\Bullet3OpenCL\ParallelPrimitives\kernels\FillKernelsCL.h">
      <Filter>src\Bullet3OpenCL\ParallelPrimitives\kernels</Filter>
    </ClInclude>
    <ClInclude Include="..\..\src\Bullet3OpenCL\ParallelPrimitives\kernels\PrefixScanKernelsCL.h">
      <Filter>src\Bullet3OpenCL\ParallelPrimitives\kernels</Filter>
    </ClInclude>
    <ClInclude Include="..\..\src\Bullet3OpenCL\ParallelPrimitives\kernels\PrefixScanKernelsFloat4CL.h">
      <Filter>src\Bullet3OpenCL\ParallelPrimitives\kernels</Filter>
    </ClInclude>
    <ClInclude Include="..\..\src\Bullet3OpenCL\ParallelPrimitives\kernels\RadixSort32KernelsCL.h">
      <Filter>src\Bullet3OpenCL\ParallelPrimitives\kernels</Filter>
    </ClInclude>
    <ClInclude Include="..\..\src\Bullet3OpenCL\Raycast\b3GpuRaycast.h">
      <Filter>src\Bullet3OpenCL\Raycast</Filter>
    </ClInclude>
    <ClInclude Include="..\..\src\Bullet3OpenCL\Raycast\kernels\rayCastKernels.h">
      <Filter>src\Bullet3OpenCL\Raycast\kernels</Filter>
    </ClInclude>
    <ClInclude Include="..\..\src\Bullet3OpenCL\RigidBody\b3GpuConstraint4.h">
      <Filter>src\Bullet3OpenCL\RigidBody</Filter>
    </ClInclude>
    <ClInclude Include="..\..\src\Bullet3OpenCL\RigidBody\b3GpuGenericConstraint.h">
      <Filter>src\Bullet3OpenCL\RigidBody</Filter>
    </ClInclude>
    <ClInclude Include="..\..\src\Bullet3OpenCL\RigidBody\b3GpuJacobiContactSolver.h">
      <Filter>src\Bullet3OpenCL\RigidBody</Filter>
    </ClInclude>
    <ClInclude Include="..\..\src\Bullet3OpenCL\RigidBody\b3GpuNarrowPhase.h">
      <Filter>src\Bullet3OpenCL\RigidBody</Filter>
    </ClInclude>
    <ClInclude Include="..\..\src\Bullet3OpenCL\RigidBody\b3GpuNarrowPhaseInternalData.h">
      <Filter>src\Bullet3OpenCL\RigidBody</Filter>
    </ClInclude>
    <ClInclude Include="..\..\src\Bullet3OpenCL\RigidBody\b3GpuPgsConstraintSolver.h">
      <Filter>src\Bullet3OpenCL\RigidBody</Filter>
    </ClInclude>
    <ClInclude Include="..\..\src\Bullet3OpenCL\RigidBody\b3GpuPgsContactSolver.h">
      <Filter>src\Bullet3OpenCL\RigidBody</Filter>
    </ClInclude>
    <ClInclude Include="..\..\src\Bullet3OpenCL\RigidBody\b3GpuRigidBodyPipeline.h">
      <Filter>src\Bullet3OpenCL\RigidBody</Filter>
    </ClInclude>
    <ClInclude Include="..\..\src\Bullet3OpenCL\RigidBody\b3GpuRigidBodyPipelineInternalData.h">
      <Filter>src\Bullet3OpenCL\RigidBody</Filter>
    </ClInclude>
    <ClInclude Include="..\..\src\Bullet3OpenCL\RigidBody\b3GpuSolverBody.h">
      <Filter>src\Bullet3OpenCL\RigidBody</Filter>
    </ClInclude>
    <ClInclude Include="..\..\src\Bullet3OpenCL\RigidBody\b3GpuSolverConstraint.h">
      <Filter>src\Bullet3OpenCL\RigidBody</Filter>
    </ClInclude>
    <ClInclude Include="..\..\src\Bullet3OpenCL\RigidBody\b3Solver.h">
      <Filter>src\Bullet3OpenCL\RigidBody</Filter>
    </ClInclude>
    <ClInclude Include="..\..\src\Bullet3OpenCL\RigidBody\kernels\batchingKernels.h">
      <Filter>src\Bullet3OpenCL\RigidBody\kernels</Filter>
    </ClInclude>
    <ClInclude Include="..\..\src\Bullet3OpenCL\RigidBody\kernels\batchingKernelsNew.h">
      <Filter>src\Bullet3OpenCL\RigidBody\kernels</Filter>
    </ClInclude>
    <ClInclude Include="..\..\src\Bullet3OpenCL\RigidBody\kernels\integrateKernel.h">
      <Filter>src\Bullet3OpenCL\RigidBody\kernels</Filter>
    </ClInclude>
    <ClInclude Include="..\..\src\Bullet3OpenCL\RigidBody\kernels\jointSolver.h">
      <Filter>src\Bullet3OpenCL\RigidBody\kernels</Filter>
    </ClInclude>
    <ClInclude Include="..\..\src\Bullet3OpenCL\RigidBody\kernels\solveContact.h">
      <Filter>src\Bullet3OpenCL\RigidBody\kernels</Filter>
    </ClInclude>
    <ClInclude Include="..\..\src\Bullet3OpenCL\RigidBody\kernels\solveFriction.h">
      <Filter>src\Bullet3OpenCL\RigidBody\kernels</Filter>
    </ClInclude>
    <ClInclude Include="..\..\src\Bullet3OpenCL\RigidBody\kernels\solverSetup.h">
      <Filter>src\Bullet3OpenCL\RigidBody\kernels</Filter>
    </ClInclude>
    <ClInclude Include="..\..\src\Bullet3OpenCL\RigidBody\kernels\solverSetup2.h">
      <Filter>src\Bullet3OpenCL\RigidBody\kernels</Filter>
    </ClInclude>
    <ClInclude Include="..\..\src\Bullet3OpenCL\RigidBody\kernels\solverUtils.h">
      <Filter>src\Bullet3OpenCL\RigidBody\kernels</Filter>
    </ClInclude>
    <ClInclude Include="..\..\src\Bullet3OpenCL\RigidBody\kernels\updateAabbsKernel.h">
      <Filter>src\Bullet3OpenCL\RigidBody\kernels</Filter>
    </ClInclude>
  </ItemGroup>
  <ItemGroup>
    <ClCompile Include="..\..\src\clew\clew.c">
      <Filter>src\clew</Filter>
    </ClCompile>
    <ClCompile Include="..\..\src\Bullet3OpenCL\BroadphaseCollision\b3GpuGridBroadphase.cpp">
      <Filter>src\Bullet3OpenCL\BroadphaseCollision</Filter>
    </ClCompile>
    <ClCompile Include="..\..\src\Bullet3OpenCL\BroadphaseCollision\b3GpuParallelLinearBvh.cpp">
      <Filter>src\Bullet3OpenCL\BroadphaseCollision</Filter>
    </ClCompile>
    <ClCompile Include="..\..\src\Bullet3OpenCL\BroadphaseCollision\b3GpuParallelLinearBvhBroadphase.cpp">
      <Filter>src\Bullet3OpenCL\BroadphaseCollision</Filter>
    </ClCompile>
    <ClCompile Include="..\..\src\Bullet3OpenCL\BroadphaseCollision\b3GpuSapBroadphase.cpp">
      <Filter>src\Bullet3OpenCL\BroadphaseCollision</Filter>
    </ClCompile>
    <ClCompile Include="..\..\src\Bullet3OpenCL\Initialize\b3OpenCLUtils.cpp">
      <Filter>src\Bullet3OpenCL\Initialize</Filter>
    </ClCompile>
    <ClCompile Include="..\..\src\Bullet3OpenCL\NarrowphaseCollision\b3ContactCache.cpp">
      <Filter>src\Bullet3OpenCL\NarrowphaseCollision</Filter>
    </ClCompile>
    <ClCompile Include="..\..\src\Bullet3OpenCL\NarrowphaseCollision\b3ConvexHullContact.cpp">
      <Filter>src\Bullet3OpenCL\NarrowphaseCollision</Filter>
    </ClCompile>
    <ClCompile Include="..\..\src\Bullet3OpenCL\NarrowphaseCollision\b3GjkEpa.cpp">
      <Filter>src\Bullet3OpenCL\NarrowphaseCollision</Filter>
    </ClCompile>
    <ClCompile Include="..\..\src\Bullet3OpenCL\NarrowphaseCollision\b3GjkPairDetector.cpp">
      <Filter>src\Bullet3OpenCL\NarrowphaseCollision</Filter>
    </ClCompile>
    <ClCompile Include="..\..\src\Bullet3OpenCL\NarrowphaseCollision\b3OptimizedBvh.cpp">
      <Filter>src\Bullet3OpenCL\NarrowphaseCollision</Filter>
    </ClCompile>
    <ClCompile Include="..\..\src\Bullet3OpenCL\NarrowphaseCollision\b3QuantizedBvh.cpp">
      <Filter>src\Bullet3OpenCL\NarrowphaseCollision</Filter>
    </ClCompile>
    <ClCompile Include="..\..\src\Bullet3OpenCL\NarrowphaseCollision\b3StridingMeshInterface.cpp">
      <Filter>src\Bullet3OpenCL\NarrowphaseCollision</Filter>
    </ClCompile>
    <ClCompile Include="..\..\src\Bullet3OpenCL\NarrowphaseCollision\b3TriangleCallback.cpp">
      <Filter>src\Bullet3OpenCL\NarrowphaseCollision</Filter>
    </ClCompile>
    <ClCompile Include="..\..\src\Bullet3OpenCL\NarrowphaseCollision\b3TriangleIndexVertexArray.cpp">
      <Filter>src\Bullet3OpenCL\NarrowphaseCollision</Filter>
    </ClCompile>
    <ClCompile Include="..\..\src\Bullet3OpenCL\NarrowphaseCollision\b3VoronoiSimplexSolver.cpp">
      <Filter>src\Bullet3OpenCL\NarrowphaseCollision</Filter>
    </ClCompile>
    <ClCompile Include="..\..\src\Bullet3OpenCL\ParallelPrimitives\b3BoundSearchCL.cpp">
      <Filter>src\Bullet3OpenCL\ParallelPrimitives</Filter>
    </ClCompile>
    <ClCompile Include="..\..\src\Bullet3OpenCL\ParallelPrimitives\b3FillCL.cpp">
      <Filter>src\Bullet3OpenCL\ParallelPrimitives</Filter>
    </ClCompile>
    <ClCompile Include="..\..\src\Bullet3OpenCL\ParallelPrimitives\b3LauncherCL.cpp">
      <Filter>src\Bullet3OpenCL\ParallelPrimitives</Filter>
    </ClCompile>
    <ClCompile Include="..\..\src\Bullet3OpenCL\ParallelPrimitives\b3PrefixScanCL.cpp">
      <Filter>src\Bullet3OpenCL\ParallelPrimitives</Filter>
    </ClCompile>
    <ClCompile Include="..\..\src\Bullet3OpenCL\ParallelPrimitives\b3PrefixScanFloat4CL.cpp">
      <Filter>src\Bullet3OpenCL\ParallelPrimitives</Filter>
    </ClCompile>
    <ClCompile Include="..\..\src\Bullet3OpenCL\ParallelPrimitives\b3RadixSort32CL.cpp">
      <Filter>src\Bullet3OpenCL\ParallelPrimitives</Filter>
    </ClCompile>
    <ClCompile Include="..\..\src\Bullet3OpenCL\Raycast\b3GpuRaycast.cpp">
      <Filter>src\Bullet3OpenCL\Raycast</Filter>
    </ClCompile>
    <ClCompile Include="..\..\src\Bullet3OpenCL\RigidBody\b3GpuGenericConstraint.cpp">
      <Filter>src\Bullet3OpenCL\RigidBody</Filter>
    </ClCompile>
    <ClCompile Include="..\..\src\Bullet3OpenCL\RigidBody\b3GpuJacobiContactSolver.cpp">
      <Filter>src\Bullet3OpenCL\RigidBody</Filter>
    </ClCompile>
    <ClCompile Include="..\..\src\Bullet3OpenCL\RigidBody\b3GpuNarrowPhase.cpp">
      <Filter>src\Bullet3OpenCL\RigidBody</Filter>
    </ClCompile>
    <ClCompile Include="..\..\src\Bullet3OpenCL\RigidBody\b3GpuPgsConstraintSolver.cpp">
      <Filter>src\Bullet3OpenCL\RigidBody</Filter>
    </ClCompile>
    <ClCompile Include="..\..\src\Bullet3OpenCL\RigidBody\b3GpuPgsContactSolver.cpp">
      <Filter>src\Bullet3OpenCL\RigidBody</Filter>
    </ClCompile>
    <ClCompile Include="..\..\src\Bullet3OpenCL\RigidBody\b3GpuRigidBodyPipeline.cpp">
      <Filter>src\Bullet3OpenCL\RigidBody</Filter>
    </ClCompile>
    <ClCompile Include="..\..\src\Bullet3OpenCL\RigidBody\b3Solver.cpp">
      <Filter>src\Bullet3OpenCL\RigidBody</Filter>
    </ClCompile>
  </ItemGroup>
</Project>
